
Microsoft Visual Studio Solution File, Format Version 12.00
Project("{FAE04EC0-301F-11D3-BF4B-00C04F79EFBC}") = "StocksMCPServer", "StocksMCPServer\StocksMCPServer.csproj", "{4D8880E0-FDF1-4D5F-BA60-9AACCDC26CBD}"
EndProject
Global
	GlobalSection(SolutionConfigurationPlatforms) = preSolution
		Debug|Any CPU = Debug|Any CPU
		Release|Any CPU = Release|Any CPU
	EndGlobalSection
	GlobalSection(ProjectConfigurationPlatforms) = postSolution
		{4D8880E0-FDF1-4D5F-BA60-9AACCDC26CBD}.Debug|Any CPU.ActiveCfg = Debug|Any CPU
		{4D8880E0-FDF1-4D5F-BA60-9AACCDC26CBD}.Debug|Any CPU.Build.0 = Debug|Any CPU
		{4D8880E0-FDF1-4D5F-BA60-9AACCDC26CBD}.Release|Any CPU.ActiveCfg = Release|Any CPU
		{4D8880E0-FDF1-4D5F-BA60-9AACCDC26CBD}.Release|Any CPU.Build.0 = Release|Any CPU
	EndGlobalSection
EndGlobal
